
Microsoft Visual Studio Solution File, Format Version 12.00
# Visual Studio Version 17
VisualStudioVersion = 17.0.31903.59
MinimumVisualStudioVersion = 10.0.40219.1
Project("{2150E333-8FDC-42A3-9474-1A3956D46DE8}") = "src", "src", "{2AB9C78F-16D0-4E17-814B-E15CE7F56B11}"
EndProject
Project("{FAE04EC0-301F-11D3-BF4B-00C04F79EFBC}") = "Netra.Api", "src\Netra.Api\Netra.Api.csproj", "{E2BE9635-AADB-4B72-B753-8615E8E91EA1}"
EndProject
Project("{FAE04EC0-301F-11D3-BF4B-00C04F79EFBC}") = "Netra.Gateway", "src\Netra.Gateway\Netra.Gateway.csproj", "{D36C3979-D001-4949-B3CA-A1BC09915CF8}"
EndProject
Project("{FAE04EC0-301F-11D3-BF4B-00C04F79EFBC}") = "Netra.Core", "src\Netra.Core\Netra.Core.csproj", "{E71F2D9E-3357-41B0-A1B8-8087A257F12E}"
EndProject
Project("{FAE04EC0-301F-11D3-BF4B-00C04F79EFBC}") = "Netra.Infrastructure", "src\Netra.Infrastructure\Netra.Infrastructure.csproj", "{1B2557A4-7F5B-47DE-A91E-96479D75AC1D}"
EndProject
Project("{FAE04EC0-301F-11D3-BF4B-00C04F79EFBC}") = "Netra.Worker", "src\Netra.Worker\Netra.Worker.csproj", "{3DA1B29C-FB55-4784-BCD7-D88FD84A0446}"
EndProject
Project("{2150E333-8FDC-42A3-9474-1A3956D46DE8}") = "tests", "tests", "{43AAB621-95B5-4350-A9A8-8FD689CFC1A0}"
EndProject
Project("{FAE04EC0-301F-11D3-BF4B-00C04F79EFBC}") = "Netra.UnitTests", "tests\Netra.UnitTests\Netra.UnitTests.csproj", "{BEBA8CBC-192F-4B69-8036-3D1A8DE9D9CE}"
EndProject
Project("{FAE04EC0-301F-11D3-BF4B-00C04F79EFBC}") = "Netra.IntegrationTests", "tests\Netra.IntegrationTests\Netra.IntegrationTests.csproj", "{A3D65415-77F1-4F35-B2C6-390B2CE23546}"
EndProject
Global
	GlobalSection(SolutionConfigurationPlatforms) = preSolution
		Debug|Any CPU = Debug|Any CPU
		Release|Any CPU = Release|Any CPU
	EndGlobalSection
	GlobalSection(SolutionProperties) = preSolution
		HideSolutionNode = FALSE
	EndGlobalSection
	GlobalSection(ProjectConfigurationPlatforms) = postSolution
		{E2BE9635-AADB-4B72-B753-8615E8E91EA1}.Debug|Any CPU.ActiveCfg = Debug|Any CPU
		{E2BE9635-AADB-4B72-B753-8615E8E91EA1}.Debug|Any CPU.Build.0 = Debug|Any CPU
		{E2BE9635-AADB-4B72-B753-8615E8E91EA1}.Release|Any CPU.ActiveCfg = Release|Any CPU
		{E2BE9635-AADB-4B72-B753-8615E8E91EA1}.Release|Any CPU.Build.0 = Release|Any CPU
		{D36C3979-D001-4949-B3CA-A1BC09915CF8}.Debug|Any CPU.ActiveCfg = Debug|Any CPU
		{D36C3979-D001-4949-B3CA-A1BC09915CF8}.Debug|Any CPU.Build.0 = Debug|Any CPU
		{D36C3979-D001-4949-B3CA-A1BC09915CF8}.Release|Any CPU.ActiveCfg = Release|Any CPU
		{D36C3979-D001-4949-B3CA-A1BC09915CF8}.Release|Any CPU.Build.0 = Release|Any CPU
		{E71F2D9E-3357-41B0-A1B8-8087A257F12E}.Debug|Any CPU.ActiveCfg = Debug|Any CPU
		{E71F2D9E-3357-41B0-A1B8-8087A257F12E}.Debug|Any CPU.Build.0 = Debug|Any CPU
		{E71F2D9E-3357-41B0-A1B8-8087A257F12E}.Release|Any CPU.ActiveCfg = Release|Any CPU
		{E71F2D9E-3357-41B0-A1B8-8087A257F12E}.Release|Any CPU.Build.0 = Release|Any CPU
		{1B2557A4-7F5B-47DE-A91E-96479D75AC1D}.Debug|Any CPU.ActiveCfg = Debug|Any CPU
		{1B2557A4-7F5B-47DE-A91E-96479D75AC1D}.Debug|Any CPU.Build.0 = Debug|Any CPU
		{1B2557A4-7F5B-47DE-A91E-96479D75AC1D}.Release|Any CPU.ActiveCfg = Release|Any CPU
		{1B2557A4-7F5B-47DE-A91E-96479D75AC1D}.Release|Any CPU.Build.0 = Release|Any CPU
		{3DA1B29C-FB55-4784-BCD7-D88FD84A0446}.Debug|Any CPU.ActiveCfg = Debug|Any CPU
		{3DA1B29C-FB55-4784-BCD7-D88FD84A0446}.Debug|Any CPU.Build.0 = Debug|Any CPU
		{3DA1B29C-FB55-4784-BCD7-D88FD84A0446}.Release|Any CPU.ActiveCfg = Release|Any CPU
		{3DA1B29C-FB55-4784-BCD7-D88FD84A0446}.Release|Any CPU.Build.0 = Release|Any CPU
		{BEBA8CBC-192F-4B69-8036-3D1A8DE9D9CE}.Debug|Any CPU.ActiveCfg = Debug|Any CPU
		{BEBA8CBC-192F-4B69-8036-3D1A8DE9D9CE}.Debug|Any CPU.Build.0 = Debug|Any CPU
		{BEBA8CBC-192F-4B69-8036-3D1A8DE9D9CE}.Release|Any CPU.ActiveCfg = Release|Any CPU
		{BEBA8CBC-192F-4B69-8036-3D1A8DE9D9CE}.Release|Any CPU.Build.0 = Release|Any CPU
		{A3D65415-77F1-4F35-B2C6-390B2CE23546}.Debug|Any CPU.ActiveCfg = Debug|Any CPU
		{A3D65415-77F1-4F35-B2C6-390B2CE23546}.Debug|Any CPU.Build.0 = Debug|Any CPU
		{A3D65415-77F1-4F35-B2C6-390B2CE23546}.Release|Any CPU.ActiveCfg = Release|Any CPU
		{A3D65415-77F1-4F35-B2C6-390B2CE23546}.Release|Any CPU.Build.0 = Release|Any CPU
	EndGlobalSection
	GlobalSection(NestedProjects) = preSolution
		{E2BE9635-AADB-4B72-B753-8615E8E91EA1} = {2AB9C78F-16D0-4E17-814B-E15CE7F56B11}
		{D36C3979-D001-4949-B3CA-A1BC09915CF8} = {2AB9C78F-16D0-4E17-814B-E15CE7F56B11}
		{E71F2D9E-3357-41B0-A1B8-8087A257F12E} = {2AB9C78F-16D0-4E17-814B-E15CE7F56B11}
		{1B2557A4-7F5B-47DE-A91E-96479D75AC1D} = {2AB9C78F-16D0-4E17-814B-E15CE7F56B11}
		{3DA1B29C-FB55-4784-BCD7-D88FD84A0446} = {2AB9C78F-16D0-4E17-814B-E15CE7F56B11}
		{BEBA8CBC-192F-4B69-8036-3D1A8DE9D9CE} = {43AAB621-95B5-4350-A9A8-8FD689CFC1A0}
		{A3D65415-77F1-4F35-B2C6-390B2CE23546} = {43AAB621-95B5-4350-A9A8-8FD689CFC1A0}
	EndGlobalSection
EndGlobal
